{
  "nodes": {
    "nixpkgs": {
      "locked": {
        "lastModified": 1689951833,
        "narHash": "sha256-wdpIgb5X0p85RRne74TeUOp9ti7a1k9KDSe4NzsaAGk=",
        "owner": "NixOS",
        "repo": "nixpkgs",
        "rev": "ebf4e87429ce7faa51a86a36a7b2e615c8bcc735",
        "type": "github"
      },
      "original": {
        "owner": "NixOS",
        "repo": "nixpkgs",
        "type": "github"
      }
    },
    "root": {
      "inputs": {
        "nixpkgs": "nixpkgs"
      }
    }
  },
  "root": "root",
  "version": 7
}
